
Microsoft Visual Studio Solution File, Format Version 12.00
# Visual Studio Version 17
VisualStudioVersion = 17.5.002.0
MinimumVisualStudioVersion = 10.0.40219.1
Project("{9A19103F-16F7-4668-BE54-9A1E7A4F7556}") = "tic_tac_toe", "tic_tac_toe\tic_tac_toe.csproj", "{D52C35F0-6DB0-48DB-913A-B198D16A6F14}"
EndProject
Global
	GlobalSection(SolutionConfigurationPlatforms) = preSolution
		Debug|Any CPU = Debug|Any CPU
		Release|Any CPU = Release|Any CPU
	EndGlobalSection
	GlobalSection(ProjectConfigurationPlatforms) = postSolution
		{D52C35F0-6DB0-48DB-913A-B198D16A6F14}.Debug|Any CPU.ActiveCfg = Debug|Any CPU
		{D52C35F0-6DB0-48DB-913A-B198D16A6F14}.Debug|Any CPU.Build.0 = Debug|Any CPU
		{D52C35F0-6DB0-48DB-913A-B198D16A6F14}.Release|Any CPU.ActiveCfg = Release|Any CPU
		{D52C35F0-6DB0-48DB-913A-B198D16A6F14}.Release|Any CPU.Build.0 = Release|Any CPU
	EndGlobalSection
	GlobalSection(SolutionProperties) = preSolution
		HideSolutionNode = FALSE
	EndGlobalSection
	GlobalSection(ExtensibilityGlobals) = postSolution
		SolutionGuid = {CE00B3AE-6106-43D9-A22E-4E632EFF3431}
	EndGlobalSection
EndGlobal
